// !$*UTF8*$!
{
	archiveVersion = 1;
	classes = {
	};
	objectVersion = 56;
	objects = {

/* Begin PBXBuildFile section */
		A11111111111111111111111 /* CopilotMonitorApp.swift in Sources */ = {isa = PBXBuildFile; fileRef = A22222222222222222222222 /* CopilotMonitorApp.swift */; };
		A33333333333333333333333 /* AppDelegate.swift in Sources */ = {isa = PBXBuildFile; fileRef = A44444444444444444444444 /* AppDelegate.swift */; };
		A55555555555555555555555 /* Assets.xcassets in Resources */ = {isa = PBXBuildFile; fileRef = A66666666666666666666666 /* Assets.xcassets */; };
		C11111111111111111111111 /* AuthManager.swift in Sources */ = {isa = PBXBuildFile; fileRef = C22222222222222222222222 /* AuthManager.swift */; };
		C33333333333333333333333 /* UsageFetcher.swift in Sources */ = {isa = PBXBuildFile; fileRef = C44444444444444444444444 /* UsageFetcher.swift */; };
		C55555555555555555555555 /* LoginView.swift in Sources */ = {isa = PBXBuildFile; fileRef = C66666666666666666666666 /* LoginView.swift */; };
		D11111111111111111111111 /* StatusBarController.swift in Sources */ = {isa = PBXBuildFile; fileRef = D22222222222222222222222 /* StatusBarController.swift */; };
		E11111111111111111111111 /* CopilotUsage.swift in Sources */ = {isa = PBXBuildFile; fileRef = E22222222222222222222222 /* CopilotUsage.swift */; };
		E33333333333333333333334 /* UsageHistory.swift in Sources */ = {isa = PBXBuildFile; fileRef = E44444444444444444444444 /* UsageHistory.swift */; };
/* End PBXBuildFile section */

/* Begin PBXFileReference section */
		A77777777777777777777777 /* CopilotMonitor.app */ = {isa = PBXFileReference; explicitFileType = wrapper.application; includeInIndex = 0; path = CopilotMonitor.app; sourceTree = BUILT_PRODUCTS_DIR; };
		A22222222222222222222222 /* CopilotMonitorApp.swift */ = {isa = PBXFileReference; lastKnownFileType = sourcecode.swift; path = CopilotMonitorApp.swift; sourceTree = "<group>"; };
		A44444444444444444444444 /* AppDelegate.swift */ = {isa = PBXFileReference; lastKnownFileType = sourcecode.swift; path = AppDelegate.swift; sourceTree = "<group>"; };
		A66666666666666666666666 /* Assets.xcassets */ = {isa = PBXFileReference; lastKnownFileType = folder.assetcatalog; path = Assets.xcassets; sourceTree = "<group>"; };
		A88888888888888888888888 /* CopilotMonitor.entitlements */ = {isa = PBXFileReference; lastKnownFileType = text.plist.entitlements; path = CopilotMonitor.entitlements; sourceTree = "<group>"; };
		C22222222222222222222222 /* AuthManager.swift */ = {isa = PBXFileReference; lastKnownFileType = sourcecode.swift; path = AuthManager.swift; sourceTree = "<group>"; };
		C44444444444444444444444 /* UsageFetcher.swift */ = {isa = PBXFileReference; lastKnownFileType = sourcecode.swift; path = UsageFetcher.swift; sourceTree = "<group>"; };
		C66666666666666666666666 /* LoginView.swift */ = {isa = PBXFileReference; lastKnownFileType = sourcecode.swift; path = LoginView.swift; sourceTree = "<group>"; };
		D22222222222222222222222 /* StatusBarController.swift */ = {isa = PBXFileReference; lastKnownFileType = sourcecode.swift; path = StatusBarController.swift; sourceTree = "<group>"; };
		A99999999999999999999999 /* Info.plist */ = {isa = PBXFileReference; lastKnownFileType = text.plist.xml; path = Info.plist; sourceTree = "<group>"; };
		E22222222222222222222222 /* CopilotUsage.swift */ = {isa = PBXFileReference; lastKnownFileType = sourcecode.swift; path = CopilotUsage.swift; sourceTree = "<group>"; };
		E44444444444444444444444 /* UsageHistory.swift */ = {isa = PBXFileReference; lastKnownFileType = sourcecode.swift; path = UsageHistory.swift; sourceTree = "<group>"; };
/* End PBXFileReference section */

/* Begin PBXFrameworksBuildPhase section */
		AAAAAAAAAAAAAAAAAAAAAAAA /* Frameworks */ = {
			isa = PBXFrameworksBuildPhase;
			buildActionMask = 2147483647;
			files = (
			);
			runOnlyForDeploymentPostprocessing = 0;
		};
/* End PBXFrameworksBuildPhase section */

/* Begin PBXGroup section */
		ABBBBBBBBBBBBBBBBBBBBBBB = {
			isa = PBXGroup;
			children = (
				ACCCCCCCCCCCCCCCCCCCCCCC /* CopilotMonitor */,
				ADDDDDDDDDDDDDDDDDDDDDDD /* Products */,
			);
			sourceTree = "<group>";
		};
		ADDDDDDDDDDDDDDDDDDDDDDD /* Products */ = {
			isa = PBXGroup;
			children = (
				A77777777777777777777777 /* CopilotMonitor.app */,
			);
			name = Products;
			sourceTree = "<group>";
		};
		ACCCCCCCCCCCCCCCCCCCCCCC /* CopilotMonitor */ = {
			isa = PBXGroup;
			children = (
				A22222222222222222222222 /* CopilotMonitorApp.swift */,
				AEEEEEEEEEEEEEEEEEEEEEEE /* App */,
				C77777777777777777777777 /* Services */,
				C88888888888888888888888 /* Views */,
				E33333333333333333333333 /* Models */,
				A66666666666666666666666 /* Assets.xcassets */,
				A88888888888888888888888 /* CopilotMonitor.entitlements */,
				A99999999999999999999999 /* Info.plist */,
			);
			path = CopilotMonitor;
			sourceTree = "<group>";
		};
		AEEEEEEEEEEEEEEEEEEEEEEE /* App */ = {
			isa = PBXGroup;
			children = (
				A44444444444444444444444 /* AppDelegate.swift */,
				D22222222222222222222222 /* StatusBarController.swift */,
			);
			path = App;
			sourceTree = "<group>";
		};
		C77777777777777777777777 /* Services */ = {
			isa = PBXGroup;
			children = (
				C22222222222222222222222 /* AuthManager.swift */,
				C44444444444444444444444 /* UsageFetcher.swift */,
			);
			path = Services;
			sourceTree = "<group>";
		};
		C88888888888888888888888 /* Views */ = {
			isa = PBXGroup;
			children = (
				C66666666666666666666666 /* LoginView.swift */,
			);
			path = Views;
			sourceTree = "<group>";
		};
		E33333333333333333333333 /* Models */ = {
			isa = PBXGroup;
			children = (
				E22222222222222222222222 /* CopilotUsage.swift */,
				E44444444444444444444444 /* UsageHistory.swift */,
			);
			path = Models;
			sourceTree = "<group>";
		};
/* End PBXGroup section */

/* Begin PBXNativeTarget section */
		AFFFFFFFFFFFFFFFFFFFFF /* CopilotMonitor */ = {
			isa = PBXNativeTarget;
			buildConfigurationList = B11111111111111111111111 /* Build configuration list for PBXNativeTarget "CopilotMonitor" */;
			buildPhases = (
				B22222222222222222222222 /* Sources */,
				AAAAAAAAAAAAAAAAAAAAAAAA /* Frameworks */,
				B33333333333333333333333 /* Resources */,
			);
			buildRules = (
			);
			dependencies = (
			);
			name = CopilotMonitor;
			productName = CopilotMonitor;
			productReference = A77777777777777777777777 /* CopilotMonitor.app */;
			productType = "com.apple.product-type.application";
		};
/* End PBXNativeTarget section */

/* Begin PBXProject section */
		B44444444444444444444444 /* Project object */ = {
			isa = PBXProject;
			attributes = {
				BuildIndependentTargetsInParallel = 1;
				LastSwiftUpdateCheck = 1500;
				LastUpgradeCheck = 1500;
				TargetAttributes = {
					AFFFFFFFFFFFFFFFFFFFFF = {
						CreatedOnToolsVersion = 15.0;
					};
				};
			};
			buildConfigurationList = B55555555555555555555555 /* Build configuration list for PBXProject "CopilotMonitor" */;
			compatibilityVersion = "Xcode 14.0";
			developmentRegion = en;
			hasScannedForEncodings = 0;
			knownRegions = (
				en,
				Base,
			);
			mainGroup = ABBBBBBBBBBBBBBBBBBBBBBB;
			productRefGroup = ADDDDDDDDDDDDDDDDDDDDDDD /* Products */;
			projectDirPath = "";
			projectRoot = "";
			targets = (
				AFFFFFFFFFFFFFFFFFFFFF /* CopilotMonitor */,
			);
		};
/* End PBXProject section */

/* Begin PBXResourcesBuildPhase section */
		B33333333333333333333333 /* Resources */ = {
			isa = PBXResourcesBuildPhase;
			buildActionMask = 2147483647;
			files = (
				A55555555555555555555555 /* Assets.xcassets in Resources */,
			);
			runOnlyForDeploymentPostprocessing = 0;
		};
/* End PBXResourcesBuildPhase section */

/* Begin PBXSourcesBuildPhase section */
		B22222222222222222222222 /* Sources */ = {
			isa = PBXSourcesBuildPhase;
			buildActionMask = 2147483647;
			files = (
				A11111111111111111111111 /* CopilotMonitorApp.swift in Sources */,
				A33333333333333333333333 /* AppDelegate.swift in Sources */,
				C11111111111111111111111 /* AuthManager.swift in Sources */,
				C55555555555555555555555 /* LoginView.swift in Sources */,
				D11111111111111111111111 /* StatusBarController.swift in Sources */,
				E11111111111111111111111 /* CopilotUsage.swift in Sources */,
				E33333333333333333333334 /* UsageHistory.swift in Sources */,
			);
			runOnlyForDeploymentPostprocessing = 0;
		};
/* End PBXSourcesBuildPhase section */

/* Begin XCBuildConfiguration section */
		B66666666666666666666666 /* Debug */ = {
			isa = XCBuildConfiguration;
			buildSettings = {
				ALWAYS_SEARCH_USER_PATHS = NO;
				ASSETCATALOG_COMPILER_GENERATE_SWIFT_ASSET_SYMBOL_EXTENSIONS = YES;
				CLANG_ANALYZER_NONNULL = YES;
				CLANG_ANALYZER_NUMBER_OBJECT_CONVERSION = YES_AGGRESSIVE;
				CLANG_CXX_LANGUAGE_STANDARD = "gnu++20";
				CLANG_ENABLE_MODULES = YES;
				CLANG_ENABLE_OBJC_ARC = YES;
				CLANG_ENABLE_OBJC_WEAK = YES;
				CLANG_WARN_BLOCK_CAPTURE_AUTORELEASING = YES;
				CLANG_WARN_BOOL_CONVERSION = YES;
				CLANG_WARN_COMMA = YES;
				CLANG_WARN_CONSTANT_CONVERSION = YES;
				CLANG_WARN_DEPRECATED_OBJC_IMPLEMENTATIONS = YES;
				CLANG_WARN_DIRECT_OBJC_ISA_USAGE = YES_ERROR;
				CLANG_WARN_DOCUMENTATION_COMMENTS = YES;
				CLANG_WARN_EMPTY_BODY = YES;
				CLANG_WARN_ENUM_CONVERSION = YES;
				CLANG_WARN_INFINITE_RECURSION = YES;
				CLANG_WARN_INT_CONVERSION = YES;
				CLANG_WARN_NON_LITERAL_NULL_CONVERSION = YES;
				CLANG_WARN_OBJC_IMPLICIT_RETAIN_SELF = YES;
				CLANG_WARN_OBJC_LITERAL_CONVERSION = YES;
				CLANG_WARN_OBJC_ROOT_CLASS = YES_ERROR;
				CLANG_WARN_QUOTED_INCLUDE_IN_FRAMEWORK_HEADER = YES;
				CLANG_WARN_RANGE_LOOP_ANALYSIS = YES;
				CLANG_WARN_STRICT_PROTOTYPES = YES;
				CLANG_WARN_SUSPICIOUS_MOVE = YES;
				CLANG_WARN_UNGUARDED_AVAILABILITY = YES_AGGRESSIVE;
				CLANG_WARN_UNREACHABLE_CODE = YES;
				CLANG_WARN__DUPLICATE_METHOD_MATCH = YES;
				COPY_PHASE_STRIP = NO;
				DEBUG_INFORMATION_FORMAT = dwarf;
				ENABLE_STRICT_OBJC_MSGSEND = YES;
				ENABLE_TESTABILITY = YES;
				ENABLE_USER_SCRIPT_SANDBOXING = YES;
				GCC_C_LANGUAGE_STANDARD = gnu17;
				GCC_DYNAMIC_NO_PIC = NO;
				GCC_NO_COMMON_BLOCKS = YES;
				GCC_OPTIMIZATION_LEVEL = 0;
				GCC_PREPROCESSOR_DEFINITIONS = (
					"DEBUG=1",
					"$(inherited)",
				);
				GCC_WARN_64_TO_32_BIT_CONVERSION = YES;
				GCC_WARN_ABOUT_RETURN_TYPE = YES_ERROR;
				GCC_WARN_UNDECLARED_SELECTOR = YES;
				GCC_WARN_UNINITIALIZED_AUTOS = YES_AGGRESSIVE;
				GCC_WARN_UNUSED_FUNCTION = YES;
				GCC_WARN_UNUSED_VARIABLE = YES;
				MACOSX_DEPLOYMENT_TARGET = 13.0;
				MTL_ENABLE_DEBUG_INFO = INCLUDE_SOURCE;
				MTL_FAST_MATH = YES;
				ONLY_ACTIVE_ARCH = YES;
				SDKROOT = macosx;
				SWIFT_ACTIVE_COMPILATION_CONDITIONS = "DEBUG $(inherited)";
				SWIFT_OPTIMIZATION_LEVEL = "-Onone";
			};
			name = Debug;
		};
		B77777777777777777777777 /* Release */ = {
			isa = XCBuildConfiguration;
			buildSettings = {
				ALWAYS_SEARCH_USER_PATHS = NO;
				ASSETCATALOG_COMPILER_GENERATE_SWIFT_ASSET_SYMBOL_EXTENSIONS = YES;
				CLANG_ANALYZER_NONNULL = YES;
				CLANG_ANALYZER_NUMBER_OBJECT_CONVERSION = YES_AGGRESSIVE;
				CLANG_CXX_LANGUAGE_STANDARD = "gnu++20";
				CLANG_ENABLE_MODULES = YES;
				CLANG_ENABLE_OBJC_ARC = YES;
				CLANG_ENABLE_OBJC_WEAK = YES;
				CLANG_WARN_BLOCK_CAPTURE_AUTORELEASING = YES;
				CLANG_WARN_BOOL_CONVERSION = YES;
				CLANG_WARN_COMMA = YES;
				CLANG_WARN_CONSTANT_CONVERSION = YES;
				CLANG_WARN_DEPRECATED_OBJC_IMPLEMENTATIONS = YES;
				CLANG_WARN_DIRECT_OBJC_ISA_USAGE = YES_ERROR;
				CLANG_WARN_DOCUMENTATION_COMMENTS = YES;
				CLANG_WARN_EMPTY_BODY = YES;
				CLANG_WARN_ENUM_CONVERSION = YES;
				CLANG_WARN_INFINITE_RECURSION = YES;
				CLANG_WARN_INT_CONVERSION = YES;
				CLANG_WARN_NON_LITERAL_NULL_CONVERSION = YES;
				CLANG_WARN_OBJC_IMPLICIT_RETAIN_SELF = YES;
				CLANG_WARN_OBJC_LITERAL_CONVERSION = YES;
				CLANG_WARN_OBJC_ROOT_CLASS = YES_ERROR;
				CLANG_WARN_QUOTED_INCLUDE_IN_FRAMEWORK_HEADER = YES;
				CLANG_WARN_RANGE_LOOP_ANALYSIS = YES;
				CLANG_WARN_STRICT_PROTOTYPES = YES;
				CLANG_WARN_SUSPICIOUS_MOVE = YES;
				CLANG_WARN_UNGUARDED_AVAILABILITY = YES_AGGRESSIVE;
				CLANG_WARN_UNREACHABLE_CODE = YES;
				CLANG_WARN__DUPLICATE_METHOD_MATCH = YES;
				COPY_PHASE_STRIP = NO;
				DEBUG_INFORMATION_FORMAT = "dwarf-with-dsym";
				ENABLE_NS_ASSERTIONS = NO;
				ENABLE_STRICT_OBJC_MSGSEND = YES;
				ENABLE_USER_SCRIPT_SANDBOXING = YES;
				GCC_C_LANGUAGE_STANDARD = gnu17;
				GCC_NO_COMMON_BLOCKS = YES;
				GCC_WARN_64_TO_32_BIT_CONVERSION = YES;
				GCC_WARN_ABOUT_RETURN_TYPE = YES_ERROR;
				GCC_WARN_UNDECLARED_SELECTOR = YES;
				GCC_WARN_UNINITIALIZED_AUTOS = YES_AGGRESSIVE;
				GCC_WARN_UNUSED_FUNCTION = YES;
				GCC_WARN_UNUSED_VARIABLE = YES;
				MACOSX_DEPLOYMENT_TARGET = 13.0;
				MTL_ENABLE_DEBUG_INFO = NO;
				MTL_FAST_MATH = YES;
				SDKROOT = macosx;
				SWIFT_COMPILATION_MODE = wholemodule;
			};
			name = Release;
		};
		B88888888888888888888888 /* Debug */ = {
			isa = XCBuildConfiguration;
			buildSettings = {
				ASSETCATALOG_COMPILER_APPICON_NAME = AppIcon;
				ASSETCATALOG_COMPILER_GLOBAL_ACCENT_COLOR_NAME = AccentColor;
				CODE_SIGN_ENTITLEMENTS = CopilotMonitor/CopilotMonitor.entitlements;
				CODE_SIGN_STYLE = Automatic;
				COMBINE_HIDPI_IMAGES = YES;
				CURRENT_PROJECT_VERSION = 1;
				DEVELOPMENT_TEAM = "";
				ENABLE_HARDENED_RUNTIME = YES;
				GENERATE_INFOPLIST_FILE = NO;
				INFOPLIST_FILE = CopilotMonitor/Info.plist;
				LD_RUNPATH_SEARCH_PATHS = (
					"$(inherited)",
					"@executable_path/../Frameworks",
				);
				MARKETING_VERSION = 1.0;
				PRODUCT_BUNDLE_IDENTIFIER = com.copilotmonitor.CopilotMonitor;
				PRODUCT_NAME = "$(TARGET_NAME)";
				SWIFT_EMIT_LOC_STRINGS = YES;
				SWIFT_VERSION = 5.0;
			};
			name = Debug;
		};
		B99999999999999999999999 /* Release */ = {
			isa = XCBuildConfiguration;
			buildSettings = {
				ASSETCATALOG_COMPILER_APPICON_NAME = AppIcon;
				ASSETCATALOG_COMPILER_GLOBAL_ACCENT_COLOR_NAME = AccentColor;
				CODE_SIGN_ENTITLEMENTS = CopilotMonitor/CopilotMonitor.entitlements;
				CODE_SIGN_STYLE = Automatic;
				COMBINE_HIDPI_IMAGES = YES;
				CURRENT_PROJECT_VERSION = 1;
				DEVELOPMENT_TEAM = "";
				ENABLE_HARDENED_RUNTIME = YES;
				GENERATE_INFOPLIST_FILE = NO;
				INFOPLIST_FILE = CopilotMonitor/Info.plist;
				LD_RUNPATH_SEARCH_PATHS = (
					"$(inherited)",
					"@executable_path/../Frameworks",
				);
				MARKETING_VERSION = 1.0;
				PRODUCT_BUNDLE_IDENTIFIER = com.copilotmonitor.CopilotMonitor;
				PRODUCT_NAME = "$(TARGET_NAME)";
				SWIFT_EMIT_LOC_STRINGS = YES;
				SWIFT_VERSION = 5.0;
			};
			name = Release;
		};
/* End XCBuildConfiguration section */

/* Begin XCConfigurationList section */
		B55555555555555555555555 /* Build configuration list for PBXProject "CopilotMonitor" */ = {
			isa = XCConfigurationList;
			buildConfigurations = (
				B66666666666666666666666 /* Debug */,
				B77777777777777777777777 /* Release */,
			);
			defaultConfigurationIsVisible = 0;
			defaultConfigurationName = Release;
		};
		B11111111111111111111111 /* Build configuration list for PBXNativeTarget "CopilotMonitor" */ = {
			isa = XCConfigurationList;
			buildConfigurations = (
				B88888888888888888888888 /* Debug */,
				B99999999999999999999999 /* Release */,
			);
			defaultConfigurationIsVisible = 0;
			defaultConfigurationName = Release;
		};
/* End XCConfigurationList section */
	};
	rootObject = B44444444444444444444444 /* Project object */;
}
